
Microsoft Visual Studio Solution File, Format Version 12.00
# Visual Studio Version 16
VisualStudioVersion = 16.0.33130.400
MinimumVisualStudioVersion = 10.0.40219.1
Project("{FAE04EC0-301F-11D3-BF4B-00C04F79EFBC}") = "MyFirstASPNetWebApp", "MyFirstASPNetWebApp\MyFirstASPNetWebApp.csproj", "{F8484D53-6787-4FDE-BEB7-84B2E0335575}"
EndProject
Global
	GlobalSection(SolutionConfigurationPlatforms) = preSolution
		Debug|Any CPU = Debug|Any CPU
		Release|Any CPU = Release|Any CPU
	EndGlobalSection
	GlobalSection(ProjectConfigurationPlatforms) = postSolution
		{F8484D53-6787-4FDE-BEB7-84B2E0335575}.Debug|Any CPU.ActiveCfg = Debug|Any CPU
		{F8484D53-6787-4FDE-BEB7-84B2E0335575}.Debug|Any CPU.Build.0 = Debug|Any CPU
		{F8484D53-6787-4FDE-BEB7-84B2E0335575}.Release|Any CPU.ActiveCfg = Release|Any CPU
		{F8484D53-6787-4FDE-BEB7-84B2E0335575}.Release|Any CPU.Build.0 = Release|Any CPU
	EndGlobalSection
	GlobalSection(SolutionProperties) = preSolution
		HideSolutionNode = FALSE
	EndGlobalSection
	GlobalSection(ExtensibilityGlobals) = postSolution
		SolutionGuid = {0C5CF292-2810-4C77-B10C-C25B7EC95DA8}
	EndGlobalSection
EndGlobal
